
Microsoft Visual Studio Solution File, Format Version 12.00
# Visual Studio Version 17
VisualStudioVersion = 17.11.35222.181
MinimumVisualStudioVersion = 10.0.40219.1
Project("{FAE04EC0-301F-11D3-BF4B-00C04F79EFBC}") = "NZWalks.API", "NZWalks.API\NZWalks.API.csproj", "{BC0AD451-7DAE-4762-BDD5-E97BBC51D1CE}"
EndProject
Global
	GlobalSection(SolutionConfigurationPlatforms) = preSolution
		Debug|Any CPU = Debug|Any CPU
		Release|Any CPU = Release|Any CPU
	EndGlobalSection
	GlobalSection(ProjectConfigurationPlatforms) = postSolution
		{BC0AD451-7DAE-4762-BDD5-E97BBC51D1CE}.Debug|Any CPU.ActiveCfg = Debug|Any CPU
		{BC0AD451-7DAE-4762-BDD5-E97BBC51D1CE}.Debug|Any CPU.Build.0 = Debug|Any CPU
		{BC0AD451-7DAE-4762-BDD5-E97BBC51D1CE}.Release|Any CPU.ActiveCfg = Release|Any CPU
		{BC0AD451-7DAE-4762-BDD5-E97BBC51D1CE}.Release|Any CPU.Build.0 = Release|Any CPU
	EndGlobalSection
	GlobalSection(SolutionProperties) = preSolution
		HideSolutionNode = FALSE
	EndGlobalSection
	GlobalSection(ExtensibilityGlobals) = postSolution
		SolutionGuid = {0BC3D93C-2E44-4817-96E5-9EA7AC2C53BE}
	EndGlobalSection
EndGlobal
